// !$*UTF8*$!
{
	archiveVersion = 1;
	classes = {
	};
	objectVersion = 56;
	objects = {

/* Begin PBXBuildFile section */
		461DF1582CE21ECB0035835D /* CardView.swift in Sources */ = {isa = PBXBuildFile; fileRef = 461DF1572CE21ECB0035835D /* CardView.swift */; };
		461DF15A2CE2253A0035835D /* Pie.swift in Sources */ = {isa = PBXBuildFile; fileRef = 461DF1592CE2253A0035835D /* Pie.swift */; };
		461DF15C2CE2254F0035835D /* Cardify.swift in Sources */ = {isa = PBXBuildFile; fileRef = 461DF15B2CE2254F0035835D /* Cardify.swift */; };
		462C74B32CCFBBDF004B3A6E /* MemoryGame.swift in Sources */ = {isa = PBXBuildFile; fileRef = 462C74B22CCFBBDF004B3A6E /* MemoryGame.swift */; };
		462C74B52CCFBDA3004B3A6E /* EmojiMemoryGameViewModel.swift in Sources */ = {isa = PBXBuildFile; fileRef = 462C74B42CCFBDA3004B3A6E /* EmojiMemoryGameViewModel.swift */; };
		466A05A02CDCE2A800DFD1B1 /* AspectVGrid.swift in Sources */ = {isa = PBXBuildFile; fileRef = 466A059F2CDCE2A800DFD1B1 /* AspectVGrid.swift */; };
		46FE60952CC7D7F40091677C /* StudyWithStanfordApp.swift in Sources */ = {isa = PBXBuildFile; fileRef = 46FE60942CC7D7F40091677C /* StudyWithStanfordApp.swift */; };
		46FE60972CC7D7F40091677C /* EmojiMemoryGameView.swift in Sources */ = {isa = PBXBuildFile; fileRef = 46FE60962CC7D7F40091677C /* EmojiMemoryGameView.swift */; };
		46FE60992CC7D7F80091677C /* Assets.xcassets in Resources */ = {isa = PBXBuildFile; fileRef = 46FE60982CC7D7F80091677C /* Assets.xcassets */; };
		46FE609C2CC7D7F80091677C /* Preview Assets.xcassets in Resources */ = {isa = PBXBuildFile; fileRef = 46FE609B2CC7D7F80091677C /* Preview Assets.xcassets */; };
/* End PBXBuildFile section */

/* Begin PBXFileReference section */
		461DF1572CE21ECB0035835D /* CardView.swift */ = {isa = PBXFileReference; lastKnownFileType = sourcecode.swift; path = CardView.swift; sourceTree = "<group>"; };
		461DF1592CE2253A0035835D /* Pie.swift */ = {isa = PBXFileReference; lastKnownFileType = sourcecode.swift; path = Pie.swift; sourceTree = "<group>"; };
		461DF15B2CE2254F0035835D /* Cardify.swift */ = {isa = PBXFileReference; lastKnownFileType = sourcecode.swift; path = Cardify.swift; sourceTree = "<group>"; };
		462C74B22CCFBBDF004B3A6E /* MemoryGame.swift */ = {isa = PBXFileReference; lastKnownFileType = sourcecode.swift; path = MemoryGame.swift; sourceTree = "<group>"; };
		462C74B42CCFBDA3004B3A6E /* EmojiMemoryGameViewModel.swift */ = {isa = PBXFileReference; lastKnownFileType = sourcecode.swift; path = EmojiMemoryGameViewModel.swift; sourceTree = "<group>"; };
		466A059F2CDCE2A800DFD1B1 /* AspectVGrid.swift */ = {isa = PBXFileReference; fileEncoding = 4; lastKnownFileType = sourcecode.swift; path = AspectVGrid.swift; sourceTree = "<group>"; };
		46FE60912CC7D7F40091677C /* StudyWithStanford.app */ = {isa = PBXFileReference; explicitFileType = wrapper.application; includeInIndex = 0; path = StudyWithStanford.app; sourceTree = BUILT_PRODUCTS_DIR; };
		46FE60942CC7D7F40091677C /* StudyWithStanfordApp.swift */ = {isa = PBXFileReference; lastKnownFileType = sourcecode.swift; path = StudyWithStanfordApp.swift; sourceTree = "<group>"; };
		46FE60962CC7D7F40091677C /* EmojiMemoryGameView.swift */ = {isa = PBXFileReference; lastKnownFileType = sourcecode.swift; path = EmojiMemoryGameView.swift; sourceTree = "<group>"; };
		46FE60982CC7D7F80091677C /* Assets.xcassets */ = {isa = PBXFileReference; lastKnownFileType = folder.assetcatalog; path = Assets.xcassets; sourceTree = "<group>"; };
		46FE609B2CC7D7F80091677C /* Preview Assets.xcassets */ = {isa = PBXFileReference; lastKnownFileType = folder.assetcatalog; path = "Preview Assets.xcassets"; sourceTree = "<group>"; };
/* End PBXFileReference section */

/* Begin PBXFrameworksBuildPhase section */
		46FE608E2CC7D7F40091677C /* Frameworks */ = {
			isa = PBXFrameworksBuildPhase;
			buildActionMask = 2147483647;
			files = (
			);
			runOnlyForDeploymentPostprocessing = 0;
		};
/* End PBXFrameworksBuildPhase section */

/* Begin PBXGroup section */
		46FE60882CC7D7F40091677C = {
			isa = PBXGroup;
			children = (
				46FE60932CC7D7F40091677C /* StudyWithStanford */,
				46FE60922CC7D7F40091677C /* Products */,
			);
			sourceTree = "<group>";
		};
		46FE60922CC7D7F40091677C /* Products */ = {
			isa = PBXGroup;
			children = (
				46FE60912CC7D7F40091677C /* StudyWithStanford.app */,
			);
			name = Products;
			sourceTree = "<group>";
		};
		46FE60932CC7D7F40091677C /* StudyWithStanford */ = {
			isa = PBXGroup;
			children = (
				462C74B22CCFBBDF004B3A6E /* MemoryGame.swift */,
				466A059F2CDCE2A800DFD1B1 /* AspectVGrid.swift */,
				462C74B42CCFBDA3004B3A6E /* EmojiMemoryGameViewModel.swift */,
				46FE60962CC7D7F40091677C /* EmojiMemoryGameView.swift */,
				461DF1572CE21ECB0035835D /* CardView.swift */,
				461DF1592CE2253A0035835D /* Pie.swift */,
				46FE60942CC7D7F40091677C /* StudyWithStanfordApp.swift */,
				461DF15B2CE2254F0035835D /* Cardify.swift */,
				46FE60982CC7D7F80091677C /* Assets.xcassets */,
				46FE609A2CC7D7F80091677C /* Preview Content */,
			);
			path = StudyWithStanford;
			sourceTree = "<group>";
		};
		46FE609A2CC7D7F80091677C /* Preview Content */ = {
			isa = PBXGroup;
			children = (
				46FE609B2CC7D7F80091677C /* Preview Assets.xcassets */,
			);
			path = "Preview Content";
			sourceTree = "<group>";
		};
/* End PBXGroup section */

/* Begin PBXNativeTarget section */
		46FE60902CC7D7F40091677C /* StudyWithStanford */ = {
			isa = PBXNativeTarget;
			buildConfigurationList = 46FE609F2CC7D7F80091677C /* Build configuration list for PBXNativeTarget "StudyWithStanford" */;
			buildPhases = (
				46FE608D2CC7D7F40091677C /* Sources */,
				46FE608E2CC7D7F40091677C /* Frameworks */,
				46FE608F2CC7D7F40091677C /* Resources */,
			);
			buildRules = (
			);
			dependencies = (
			);
			name = StudyWithStanford;
			productName = StudyWithStanford;
			productReference = 46FE60912CC7D7F40091677C /* StudyWithStanford.app */;
			productType = "com.apple.product-type.application";
		};
/* End PBXNativeTarget section */

/* Begin PBXProject section */
		46FE60892CC7D7F40091677C /* Project object */ = {
			isa = PBXProject;
			attributes = {
				BuildIndependentTargetsInParallel = 1;
				LastSwiftUpdateCheck = 1520;
				LastUpgradeCheck = 1520;
				TargetAttributes = {
					46FE60902CC7D7F40091677C = {
						CreatedOnToolsVersion = 15.2;
					};
				};
			};
			buildConfigurationList = 46FE608C2CC7D7F40091677C /* Build configuration list for PBXProject "StudyWithStanford" */;
			compatibilityVersion = "Xcode 14.0";
			developmentRegion = en;
			hasScannedForEncodings = 0;
			knownRegions = (
				en,
				Base,
			);
			mainGroup = 46FE60882CC7D7F40091677C;
			productRefGroup = 46FE60922CC7D7F40091677C /* Products */;
			projectDirPath = "";
			projectRoot = "";
			targets = (
				46FE60902CC7D7F40091677C /* StudyWithStanford */,
			);
		};
/* End PBXProject section */

/* Begin PBXResourcesBuildPhase section */
		46FE608F2CC7D7F40091677C /* Resources */ = {
			isa = PBXResourcesBuildPhase;
			buildActionMask = 2147483647;
			files = (
				46FE609C2CC7D7F80091677C /* Preview Assets.xcassets in Resources */,
				46FE60992CC7D7F80091677C /* Assets.xcassets in Resources */,
			);
			runOnlyForDeploymentPostprocessing = 0;
		};
/* End PBXResourcesBuildPhase section */

/* Begin PBXSourcesBuildPhase section */
		46FE608D2CC7D7F40091677C /* Sources */ = {
			isa = PBXSourcesBuildPhase;
			buildActionMask = 2147483647;
			files = (
				462C74B32CCFBBDF004B3A6E /* MemoryGame.swift in Sources */,
				46FE60972CC7D7F40091677C /* EmojiMemoryGameView.swift in Sources */,
				461DF15C2CE2254F0035835D /* Cardify.swift in Sources */,
				46FE60952CC7D7F40091677C /* StudyWithStanfordApp.swift in Sources */,
				466A05A02CDCE2A800DFD1B1 /* AspectVGrid.swift in Sources */,
				461DF15A2CE2253A0035835D /* Pie.swift in Sources */,
				461DF1582CE21ECB0035835D /* CardView.swift in Sources */,
				462C74B52CCFBDA3004B3A6E /* EmojiMemoryGameViewModel.swift in Sources */,
			);
			runOnlyForDeploymentPostprocessing = 0;
		};
/* End PBXSourcesBuildPhase section */

/* Begin XCBuildConfiguration section */
		46FE609D2CC7D7F80091677C /* Debug */ = {
			isa = XCBuildConfiguration;
			buildSettings = {
				ALWAYS_SEARCH_USER_PATHS = NO;
				ASSETCATALOG_COMPILER_GENERATE_SWIFT_ASSET_SYMBOL_EXTENSIONS = YES;
				CLANG_ANALYZER_NONNULL = YES;
				CLANG_ANALYZER_NUMBER_OBJECT_CONVERSION = YES_AGGRESSIVE;
				CLANG_CXX_LANGUAGE_STANDARD = "gnu++20";
				CLANG_ENABLE_MODULES = YES;
				CLANG_ENABLE_OBJC_ARC = YES;
				CLANG_ENABLE_OBJC_WEAK = YES;
				CLANG_WARN_BLOCK_CAPTURE_AUTORELEASING = YES;
				CLANG_WARN_BOOL_CONVERSION = YES;
				CLANG_WARN_COMMA = YES;
				CLANG_WARN_CONSTANT_CONVERSION = YES;
				CLANG_WARN_DEPRECATED_OBJC_IMPLEMENTATIONS = YES;
				CLANG_WARN_DIRECT_OBJC_ISA_USAGE = YES_ERROR;
				CLANG_WARN_DOCUMENTATION_COMMENTS = YES;
				CLANG_WARN_EMPTY_BODY = YES;
				CLANG_WARN_ENUM_CONVERSION = YES;
				CLANG_WARN_INFINITE_RECURSION = YES;
				CLANG_WARN_INT_CONVERSION = YES;
				CLANG_WARN_NON_LITERAL_NULL_CONVERSION = YES;
				CLANG_WARN_OBJC_IMPLICIT_RETAIN_SELF = YES;
				CLANG_WARN_OBJC_LITERAL_CONVERSION = YES;
				CLANG_WARN_OBJC_ROOT_CLASS = YES_ERROR;
				CLANG_WARN_QUOTED_INCLUDE_IN_FRAMEWORK_HEADER = YES;
				CLANG_WARN_RANGE_LOOP_ANALYSIS = YES;
				CLANG_WARN_STRICT_PROTOTYPES = YES;
				CLANG_WARN_SUSPICIOUS_MOVE = YES;
				CLANG_WARN_UNGUARDED_AVAILABILITY = YES_AGGRESSIVE;
				CLANG_WARN_UNREACHABLE_CODE = YES;
				CLANG_WARN__DUPLICATE_METHOD_MATCH = YES;
				COPY_PHASE_STRIP = NO;
				DEBUG_INFORMATION_FORMAT = dwarf;
				ENABLE_STRICT_OBJC_MSGSEND = YES;
				ENABLE_TESTABILITY = YES;
				ENABLE_USER_SCRIPT_SANDBOXING = YES;
				GCC_C_LANGUAGE_STANDARD = gnu17;
				GCC_DYNAMIC_NO_PIC = NO;
				GCC_NO_COMMON_BLOCKS = YES;
				GCC_OPTIMIZATION_LEVEL = 0;
				GCC_PREPROCESSOR_DEFINITIONS = (
					"DEBUG=1",
					"$(inherited)",
				);
				GCC_WARN_64_TO_32_BIT_CONVERSION = YES;
				GCC_WARN_ABOUT_RETURN_TYPE = YES_ERROR;
				GCC_WARN_UNDECLARED_SELECTOR = YES;
				GCC_WARN_UNINITIALIZED_AUTOS = YES_AGGRESSIVE;
				GCC_WARN_UNUSED_FUNCTION = YES;
				GCC_WARN_UNUSED_VARIABLE = YES;
				IPHONEOS_DEPLOYMENT_TARGET = 17.2;
				LOCALIZATION_PREFERS_STRING_CATALOGS = YES;
				MTL_ENABLE_DEBUG_INFO = INCLUDE_SOURCE;
				MTL_FAST_MATH = YES;
				ONLY_ACTIVE_ARCH = YES;
				SDKROOT = iphoneos;
				SWIFT_ACTIVE_COMPILATION_CONDITIONS = "DEBUG $(inherited)";
				SWIFT_OPTIMIZATION_LEVEL = "-Onone";
			};
			name = Debug;
		};
		46FE609E2CC7D7F80091677C /* Release */ = {
			isa = XCBuildConfiguration;
			buildSettings = {
				ALWAYS_SEARCH_USER_PATHS = NO;
				ASSETCATALOG_COMPILER_GENERATE_SWIFT_ASSET_SYMBOL_EXTENSIONS = YES;
				CLANG_ANALYZER_NONNULL = YES;
				CLANG_ANALYZER_NUMBER_OBJECT_CONVERSION = YES_AGGRESSIVE;
				CLANG_CXX_LANGUAGE_STANDARD = "gnu++20";
				CLANG_ENABLE_MODULES = YES;
				CLANG_ENABLE_OBJC_ARC = YES;
				CLANG_ENABLE_OBJC_WEAK = YES;
				CLANG_WARN_BLOCK_CAPTURE_AUTORELEASING = YES;
				CLANG_WARN_BOOL_CONVERSION = YES;
				CLANG_WARN_COMMA = YES;
				CLANG_WARN_CONSTANT_CONVERSION = YES;
				CLANG_WARN_DEPRECATED_OBJC_IMPLEMENTATIONS = YES;
				CLANG_WARN_DIRECT_OBJC_ISA_USAGE = YES_ERROR;
				CLANG_WARN_DOCUMENTATION_COMMENTS = YES;
				CLANG_WARN_EMPTY_BODY = YES;
				CLANG_WARN_ENUM_CONVERSION = YES;
				CLANG_WARN_INFINITE_RECURSION = YES;
				CLANG_WARN_INT_CONVERSION = YES;
				CLANG_WARN_NON_LITERAL_NULL_CONVERSION = YES;
				CLANG_WARN_OBJC_IMPLICIT_RETAIN_SELF = YES;
				CLANG_WARN_OBJC_LITERAL_CONVERSION = YES;
				CLANG_WARN_OBJC_ROOT_CLASS = YES_ERROR;
				CLANG_WARN_QUOTED_INCLUDE_IN_FRAMEWORK_HEADER = YES;
				CLANG_WARN_RANGE_LOOP_ANALYSIS = YES;
				CLANG_WARN_STRICT_PROTOTYPES = YES;
				CLANG_WARN_SUSPICIOUS_MOVE = YES;
				CLANG_WARN_UNGUARDED_AVAILABILITY = YES_AGGRESSIVE;
				CLANG_WARN_UNREACHABLE_CODE = YES;
				CLANG_WARN__DUPLICATE_METHOD_MATCH = YES;
				COPY_PHASE_STRIP = NO;
				DEBUG_INFORMATION_FORMAT = "dwarf-with-dsym";
				ENABLE_NS_ASSERTIONS = NO;
				ENABLE_STRICT_OBJC_MSGSEND = YES;
				ENABLE_USER_SCRIPT_SANDBOXING = YES;
				GCC_C_LANGUAGE_STANDARD = gnu17;
				GCC_NO_COMMON_BLOCKS = YES;
				GCC_WARN_64_TO_32_BIT_CONVERSION = YES;
				GCC_WARN_ABOUT_RETURN_TYPE = YES_ERROR;
				GCC_WARN_UNDECLARED_SELECTOR = YES;
				GCC_WARN_UNINITIALIZED_AUTOS = YES_AGGRESSIVE;
				GCC_WARN_UNUSED_FUNCTION = YES;
				GCC_WARN_UNUSED_VARIABLE = YES;
				IPHONEOS_DEPLOYMENT_TARGET = 17.2;
				LOCALIZATION_PREFERS_STRING_CATALOGS = YES;
				MTL_ENABLE_DEBUG_INFO = NO;
				MTL_FAST_MATH = YES;
				SDKROOT = iphoneos;
				SWIFT_COMPILATION_MODE = wholemodule;
				VALIDATE_PRODUCT = YES;
			};
			name = Release;
		};
		46FE60A02CC7D7F80091677C /* Debug */ = {
			isa = XCBuildConfiguration;
			buildSettings = {
				ASSETCATALOG_COMPILER_APPICON_NAME = AppIcon;
				ASSETCATALOG_COMPILER_GLOBAL_ACCENT_COLOR_NAME = AccentColor;
				CODE_SIGN_STYLE = Automatic;
				CURRENT_PROJECT_VERSION = 1;
				DEVELOPMENT_ASSET_PATHS = "\"StudyWithStanford/Preview Content\"";
				DEVELOPMENT_TEAM = TR28HNY8VK;
				ENABLE_PREVIEWS = YES;
				GENERATE_INFOPLIST_FILE = YES;
				INFOPLIST_KEY_UIApplicationSceneManifest_Generation = YES;
				INFOPLIST_KEY_UIApplicationSupportsIndirectInputEvents = YES;
				INFOPLIST_KEY_UILaunchScreen_Generation = YES;
				INFOPLIST_KEY_UISupportedInterfaceOrientations_iPad = "UIInterfaceOrientationPortrait UIInterfaceOrientationPortraitUpsideDown UIInterfaceOrientationLandscapeLeft UIInterfaceOrientationLandscapeRight";
				INFOPLIST_KEY_UISupportedInterfaceOrientations_iPhone = "UIInterfaceOrientationPortrait UIInterfaceOrientationLandscapeLeft UIInterfaceOrientationLandscapeRight";
				IPHONEOS_DEPLOYMENT_TARGET = 16.0;
				LD_RUNPATH_SEARCH_PATHS = (
					"$(inherited)",
					"@executable_path/Frameworks",
				);
				MARKETING_VERSION = 1.0;
				PRODUCT_BUNDLE_IDENTIFIER = StudyWithStanfordDevGeeyong.StudyWithStanford;
				PRODUCT_NAME = "$(TARGET_NAME)";
				SUPPORTED_PLATFORMS = "iphoneos iphonesimulator";
				SUPPORTS_MACCATALYST = NO;
				SUPPORTS_XR_DESIGNED_FOR_IPHONE_IPAD = NO;
				SWIFT_EMIT_LOC_STRINGS = YES;
				SWIFT_VERSION = 5.0;
				TARGETED_DEVICE_FAMILY = "1,2";
			};
			name = Debug;
		};
		46FE60A12CC7D7F80091677C /* Release */ = {
			isa = XCBuildConfiguration;
			buildSettings = {
				ASSETCATALOG_COMPILER_APPICON_NAME = AppIcon;
				ASSETCATALOG_COMPILER_GLOBAL_ACCENT_COLOR_NAME = AccentColor;
				CODE_SIGN_STYLE = Automatic;
				CURRENT_PROJECT_VERSION = 1;
				DEVELOPMENT_ASSET_PATHS = "\"StudyWithStanford/Preview Content\"";
				DEVELOPMENT_TEAM = TR28HNY8VK;
				ENABLE_PREVIEWS = YES;
				GENERATE_INFOPLIST_FILE = YES;
				INFOPLIST_KEY_UIApplicationSceneManifest_Generation = YES;
				INFOPLIST_KEY_UIApplicationSupportsIndirectInputEvents = YES;
				INFOPLIST_KEY_UILaunchScreen_Generation = YES;
				INFOPLIST_KEY_UISupportedInterfaceOrientations_iPad = "UIInterfaceOrientationPortrait UIInterfaceOrientationPortraitUpsideDown UIInterfaceOrientationLandscapeLeft UIInterfaceOrientationLandscapeRight";
				INFOPLIST_KEY_UISupportedInterfaceOrientations_iPhone = "UIInterfaceOrientationPortrait UIInterfaceOrientationLandscapeLeft UIInterfaceOrientationLandscapeRight";
				IPHONEOS_DEPLOYMENT_TARGET = 16.0;
				LD_RUNPATH_SEARCH_PATHS = (
					"$(inherited)",
					"@executable_path/Frameworks",
				);
				MARKETING_VERSION = 1.0;
				PRODUCT_BUNDLE_IDENTIFIER = StudyWithStanfordDevGeeyong.StudyWithStanford;
				PRODUCT_NAME = "$(TARGET_NAME)";
				SUPPORTED_PLATFORMS = "iphoneos iphonesimulator";
				SUPPORTS_MACCATALYST = NO;
				SUPPORTS_XR_DESIGNED_FOR_IPHONE_IPAD = NO;
				SWIFT_EMIT_LOC_STRINGS = YES;
				SWIFT_VERSION = 5.0;
				TARGETED_DEVICE_FAMILY = "1,2";
			};
			name = Release;
		};
/* End XCBuildConfiguration section */

/* Begin XCConfigurationList section */
		46FE608C2CC7D7F40091677C /* Build configuration list for PBXProject "StudyWithStanford" */ = {
			isa = XCConfigurationList;
			buildConfigurations = (
				46FE609D2CC7D7F80091677C /* Debug */,
				46FE609E2CC7D7F80091677C /* Release */,
			);
			defaultConfigurationIsVisible = 0;
			defaultConfigurationName = Release;
		};
		46FE609F2CC7D7F80091677C /* Build configuration list for PBXNativeTarget "StudyWithStanford" */ = {
			isa = XCConfigurationList;
			buildConfigurations = (
				46FE60A02CC7D7F80091677C /* Debug */,
				46FE60A12CC7D7F80091677C /* Release */,
			);
			defaultConfigurationIsVisible = 0;
			defaultConfigurationName = Release;
		};
/* End XCConfigurationList section */
	};
	rootObject = 46FE60892CC7D7F40091677C /* Project object */;
}
