// !$*UTF8*$!
{
	archiveVersion = 1;
	classes = {
	};
	objectVersion = 56;
	objects = {

/* Begin PBXBuildFile section */
		9B52A34C2D02D2B000FD0765 /* WidgetDemoApp.swift in Sources */ = {isa = PBXBuildFile; fileRef = 9B52A34B2D02D2B000FD0765 /* WidgetDemoApp.swift */; };
		9B52A34E2D02D2B000FD0765 /* ContentView.swift in Sources */ = {isa = PBXBuildFile; fileRef = 9B52A34D2D02D2B000FD0765 /* ContentView.swift */; };
		9B52A3502D02D2B100FD0765 /* Assets.xcassets in Resources */ = {isa = PBXBuildFile; fileRef = 9B52A34F2D02D2B100FD0765 /* Assets.xcassets */; };
		9B52A3542D02D2B100FD0765 /* Preview Assets.xcassets in Resources */ = {isa = PBXBuildFile; fileRef = 9B52A3532D02D2B100FD0765 /* Preview Assets.xcassets */; };
		9B52A35B2D02D2E400FD0765 /* WeatherDetailView.swift in Sources */ = {isa = PBXBuildFile; fileRef = 9B52A35A2D02D2E400FD0765 /* WeatherDetailView.swift */; };
		9B52A3632D02D4A200FD0765 /* WidgetKit.framework in Frameworks */ = {isa = PBXBuildFile; fileRef = 9B52A3622D02D4A200FD0765 /* WidgetKit.framework */; };
		9B52A3652D02D4A200FD0765 /* SwiftUI.framework in Frameworks */ = {isa = PBXBuildFile; fileRef = 9B52A3642D02D4A200FD0765 /* SwiftUI.framework */; };
		9B52A3682D02D4A200FD0765 /* WeatherWidgetBundle.swift in Sources */ = {isa = PBXBuildFile; fileRef = 9B52A3672D02D4A200FD0765 /* WeatherWidgetBundle.swift */; };
		9B52A36A2D02D4A200FD0765 /* WeatherWidgetLiveActivity.swift in Sources */ = {isa = PBXBuildFile; fileRef = 9B52A3692D02D4A200FD0765 /* WeatherWidgetLiveActivity.swift */; };
		9B52A36C2D02D4A200FD0765 /* WeatherWidget.swift in Sources */ = {isa = PBXBuildFile; fileRef = 9B52A36B2D02D4A200FD0765 /* WeatherWidget.swift */; };
		9B52A36E2D02D4A200FD0765 /* AppIntent.swift in Sources */ = {isa = PBXBuildFile; fileRef = 9B52A36D2D02D4A200FD0765 /* AppIntent.swift */; };
		9B52A3702D02D4A300FD0765 /* Assets.xcassets in Resources */ = {isa = PBXBuildFile; fileRef = 9B52A36F2D02D4A300FD0765 /* Assets.xcassets */; };
		9B52A3742D02D4A300FD0765 /* WeatherWidgetExtension.appex in Embed Foundation Extensions */ = {isa = PBXBuildFile; fileRef = 9B52A3602D02D4A200FD0765 /* WeatherWidgetExtension.appex */; settings = {ATTRIBUTES = (RemoveHeadersOnCopy, ); }; };
		9B52A37C2D02D4EF00FD0765 /* WeatherData.swift in Sources */ = {isa = PBXBuildFile; fileRef = 9B52A37B2D02D4EF00FD0765 /* WeatherData.swift */; };
		9B52A37D2D02D4EF00FD0765 /* WeatherData.swift in Sources */ = {isa = PBXBuildFile; fileRef = 9B52A37B2D02D4EF00FD0765 /* WeatherData.swift */; };
/* End PBXBuildFile section */

/* Begin PBXContainerItemProxy section */
		9B52A3722D02D4A300FD0765 /* PBXContainerItemProxy */ = {
			isa = PBXContainerItemProxy;
			containerPortal = 9B52A3402D02D2B000FD0765 /* Project object */;
			proxyType = 1;
			remoteGlobalIDString = 9B52A35F2D02D4A200FD0765;
			remoteInfo = WeatherWidgetExtension;
		};
/* End PBXContainerItemProxy section */

/* Begin PBXCopyFilesBuildPhase section */
		9B52A3782D02D4A400FD0765 /* Embed Foundation Extensions */ = {
			isa = PBXCopyFilesBuildPhase;
			buildActionMask = 2147483647;
			dstPath = "";
			dstSubfolderSpec = 13;
			files = (
				9B52A3742D02D4A300FD0765 /* WeatherWidgetExtension.appex in Embed Foundation Extensions */,
			);
			name = "Embed Foundation Extensions";
			runOnlyForDeploymentPostprocessing = 0;
		};
/* End PBXCopyFilesBuildPhase section */

/* Begin PBXFileReference section */
		9B52A3482D02D2B000FD0765 /* WidgetDemo.app */ = {isa = PBXFileReference; explicitFileType = wrapper.application; includeInIndex = 0; path = WidgetDemo.app; sourceTree = BUILT_PRODUCTS_DIR; };
		9B52A34B2D02D2B000FD0765 /* WidgetDemoApp.swift */ = {isa = PBXFileReference; lastKnownFileType = sourcecode.swift; path = WidgetDemoApp.swift; sourceTree = "<group>"; };
		9B52A34D2D02D2B000FD0765 /* ContentView.swift */ = {isa = PBXFileReference; lastKnownFileType = sourcecode.swift; path = ContentView.swift; sourceTree = "<group>"; };
		9B52A34F2D02D2B100FD0765 /* Assets.xcassets */ = {isa = PBXFileReference; lastKnownFileType = folder.assetcatalog; path = Assets.xcassets; sourceTree = "<group>"; };
		9B52A3512D02D2B100FD0765 /* WidgetDemo.entitlements */ = {isa = PBXFileReference; lastKnownFileType = text.plist.entitlements; path = WidgetDemo.entitlements; sourceTree = "<group>"; };
		9B52A3532D02D2B100FD0765 /* Preview Assets.xcassets */ = {isa = PBXFileReference; lastKnownFileType = folder.assetcatalog; path = "Preview Assets.xcassets"; sourceTree = "<group>"; };
		9B52A35A2D02D2E400FD0765 /* WeatherDetailView.swift */ = {isa = PBXFileReference; lastKnownFileType = sourcecode.swift; path = WeatherDetailView.swift; sourceTree = "<group>"; };
		9B52A3602D02D4A200FD0765 /* WeatherWidgetExtension.appex */ = {isa = PBXFileReference; explicitFileType = "wrapper.app-extension"; includeInIndex = 0; path = WeatherWidgetExtension.appex; sourceTree = BUILT_PRODUCTS_DIR; };
		9B52A3622D02D4A200FD0765 /* WidgetKit.framework */ = {isa = PBXFileReference; lastKnownFileType = wrapper.framework; name = WidgetKit.framework; path = System/Library/Frameworks/WidgetKit.framework; sourceTree = SDKROOT; };
		9B52A3642D02D4A200FD0765 /* SwiftUI.framework */ = {isa = PBXFileReference; lastKnownFileType = wrapper.framework; name = SwiftUI.framework; path = System/Library/Frameworks/SwiftUI.framework; sourceTree = SDKROOT; };
		9B52A3672D02D4A200FD0765 /* WeatherWidgetBundle.swift */ = {isa = PBXFileReference; lastKnownFileType = sourcecode.swift; path = WeatherWidgetBundle.swift; sourceTree = "<group>"; };
		9B52A3692D02D4A200FD0765 /* WeatherWidgetLiveActivity.swift */ = {isa = PBXFileReference; lastKnownFileType = sourcecode.swift; path = WeatherWidgetLiveActivity.swift; sourceTree = "<group>"; };
		9B52A36B2D02D4A200FD0765 /* WeatherWidget.swift */ = {isa = PBXFileReference; lastKnownFileType = sourcecode.swift; path = WeatherWidget.swift; sourceTree = "<group>"; };
		9B52A36D2D02D4A200FD0765 /* AppIntent.swift */ = {isa = PBXFileReference; lastKnownFileType = sourcecode.swift; path = AppIntent.swift; sourceTree = "<group>"; };
		9B52A36F2D02D4A300FD0765 /* Assets.xcassets */ = {isa = PBXFileReference; lastKnownFileType = folder.assetcatalog; path = Assets.xcassets; sourceTree = "<group>"; };
		9B52A3712D02D4A300FD0765 /* Info.plist */ = {isa = PBXFileReference; lastKnownFileType = text.plist.xml; path = Info.plist; sourceTree = "<group>"; };
		9B52A37B2D02D4EF00FD0765 /* WeatherData.swift */ = {isa = PBXFileReference; lastKnownFileType = sourcecode.swift; path = WeatherData.swift; sourceTree = "<group>"; };
/* End PBXFileReference section */

/* Begin PBXFrameworksBuildPhase section */
		9B52A3452D02D2B000FD0765 /* Frameworks */ = {
			isa = PBXFrameworksBuildPhase;
			buildActionMask = 2147483647;
			files = (
			);
			runOnlyForDeploymentPostprocessing = 0;
		};
		9B52A35D2D02D4A200FD0765 /* Frameworks */ = {
			isa = PBXFrameworksBuildPhase;
			buildActionMask = 2147483647;
			files = (
				9B52A3652D02D4A200FD0765 /* SwiftUI.framework in Frameworks */,
				9B52A3632D02D4A200FD0765 /* WidgetKit.framework in Frameworks */,
			);
			runOnlyForDeploymentPostprocessing = 0;
		};
/* End PBXFrameworksBuildPhase section */

/* Begin PBXGroup section */
		9B52A33F2D02D2B000FD0765 = {
			isa = PBXGroup;
			children = (
				9B52A34A2D02D2B000FD0765 /* WidgetDemo */,
				9B52A3662D02D4A200FD0765 /* WeatherWidget */,
				9B52A3612D02D4A200FD0765 /* Frameworks */,
				9B52A3492D02D2B000FD0765 /* Products */,
			);
			sourceTree = "<group>";
		};
		9B52A3492D02D2B000FD0765 /* Products */ = {
			isa = PBXGroup;
			children = (
				9B52A3482D02D2B000FD0765 /* WidgetDemo.app */,
				9B52A3602D02D4A200FD0765 /* WeatherWidgetExtension.appex */,
			);
			name = Products;
			sourceTree = "<group>";
		};
		9B52A34A2D02D2B000FD0765 /* WidgetDemo */ = {
			isa = PBXGroup;
			children = (
				9B52A34B2D02D2B000FD0765 /* WidgetDemoApp.swift */,
				9B52A34D2D02D2B000FD0765 /* ContentView.swift */,
				9B52A35A2D02D2E400FD0765 /* WeatherDetailView.swift */,
				9B52A34F2D02D2B100FD0765 /* Assets.xcassets */,
				9B52A3512D02D2B100FD0765 /* WidgetDemo.entitlements */,
				9B52A3522D02D2B100FD0765 /* Preview Content */,
				9B52A37B2D02D4EF00FD0765 /* WeatherData.swift */,
			);
			path = WidgetDemo;
			sourceTree = "<group>";
		};
		9B52A3522D02D2B100FD0765 /* Preview Content */ = {
			isa = PBXGroup;
			children = (
				9B52A3532D02D2B100FD0765 /* Preview Assets.xcassets */,
			);
			path = "Preview Content";
			sourceTree = "<group>";
		};
		9B52A3612D02D4A200FD0765 /* Frameworks */ = {
			isa = PBXGroup;
			children = (
				9B52A3622D02D4A200FD0765 /* WidgetKit.framework */,
				9B52A3642D02D4A200FD0765 /* SwiftUI.framework */,
			);
			name = Frameworks;
			sourceTree = "<group>";
		};
		9B52A3662D02D4A200FD0765 /* WeatherWidget */ = {
			isa = PBXGroup;
			children = (
				9B52A3672D02D4A200FD0765 /* WeatherWidgetBundle.swift */,
				9B52A3692D02D4A200FD0765 /* WeatherWidgetLiveActivity.swift */,
				9B52A36B2D02D4A200FD0765 /* WeatherWidget.swift */,
				9B52A36D2D02D4A200FD0765 /* AppIntent.swift */,
				9B52A36F2D02D4A300FD0765 /* Assets.xcassets */,
				9B52A3712D02D4A300FD0765 /* Info.plist */,
			);
			path = WeatherWidget;
			sourceTree = "<group>";
		};
/* End PBXGroup section */

/* Begin PBXNativeTarget section */
		9B52A3472D02D2B000FD0765 /* WidgetDemo */ = {
			isa = PBXNativeTarget;
			buildConfigurationList = 9B52A3572D02D2B100FD0765 /* Build configuration list for PBXNativeTarget "WidgetDemo" */;
			buildPhases = (
				9B52A3442D02D2B000FD0765 /* Sources */,
				9B52A3452D02D2B000FD0765 /* Frameworks */,
				9B52A3462D02D2B000FD0765 /* Resources */,
				9B52A3782D02D4A400FD0765 /* Embed Foundation Extensions */,
			);
			buildRules = (
			);
			dependencies = (
				9B52A3732D02D4A300FD0765 /* PBXTargetDependency */,
			);
			name = WidgetDemo;
			productName = WidgetDemo;
			productReference = 9B52A3482D02D2B000FD0765 /* WidgetDemo.app */;
			productType = "com.apple.product-type.application";
		};
		9B52A35F2D02D4A200FD0765 /* WeatherWidgetExtension */ = {
			isa = PBXNativeTarget;
			buildConfigurationList = 9B52A3752D02D4A400FD0765 /* Build configuration list for PBXNativeTarget "WeatherWidgetExtension" */;
			buildPhases = (
				9B52A35C2D02D4A200FD0765 /* Sources */,
				9B52A35D2D02D4A200FD0765 /* Frameworks */,
				9B52A35E2D02D4A200FD0765 /* Resources */,
			);
			buildRules = (
			);
			dependencies = (
			);
			name = WeatherWidgetExtension;
			productName = WeatherWidgetExtension;
			productReference = 9B52A3602D02D4A200FD0765 /* WeatherWidgetExtension.appex */;
			productType = "com.apple.product-type.app-extension";
		};
/* End PBXNativeTarget section */

/* Begin PBXProject section */
		9B52A3402D02D2B000FD0765 /* Project object */ = {
			isa = PBXProject;
			attributes = {
				BuildIndependentTargetsInParallel = 1;
				LastSwiftUpdateCheck = 1520;
				LastUpgradeCheck = 1520;
				TargetAttributes = {
					9B52A3472D02D2B000FD0765 = {
						CreatedOnToolsVersion = 15.2;
					};
					9B52A35F2D02D4A200FD0765 = {
						CreatedOnToolsVersion = 15.2;
					};
				};
			};
			buildConfigurationList = 9B52A3432D02D2B000FD0765 /* Build configuration list for PBXProject "WidgetDemo" */;
			compatibilityVersion = "Xcode 14.0";
			developmentRegion = en;
			hasScannedForEncodings = 0;
			knownRegions = (
				en,
				Base,
			);
			mainGroup = 9B52A33F2D02D2B000FD0765;
			productRefGroup = 9B52A3492D02D2B000FD0765 /* Products */;
			projectDirPath = "";
			projectRoot = "";
			targets = (
				9B52A3472D02D2B000FD0765 /* WidgetDemo */,
				9B52A35F2D02D4A200FD0765 /* WeatherWidgetExtension */,
			);
		};
/* End PBXProject section */

/* Begin PBXResourcesBuildPhase section */
		9B52A3462D02D2B000FD0765 /* Resources */ = {
			isa = PBXResourcesBuildPhase;
			buildActionMask = 2147483647;
			files = (
				9B52A3542D02D2B100FD0765 /* Preview Assets.xcassets in Resources */,
				9B52A3502D02D2B100FD0765 /* Assets.xcassets in Resources */,
			);
			runOnlyForDeploymentPostprocessing = 0;
		};
		9B52A35E2D02D4A200FD0765 /* Resources */ = {
			isa = PBXResourcesBuildPhase;
			buildActionMask = 2147483647;
			files = (
				9B52A3702D02D4A300FD0765 /* Assets.xcassets in Resources */,
			);
			runOnlyForDeploymentPostprocessing = 0;
		};
/* End PBXResourcesBuildPhase section */

/* Begin PBXSourcesBuildPhase section */
		9B52A3442D02D2B000FD0765 /* Sources */ = {
			isa = PBXSourcesBuildPhase;
			buildActionMask = 2147483647;
			files = (
				9B52A35B2D02D2E400FD0765 /* WeatherDetailView.swift in Sources */,
				9B52A34E2D02D2B000FD0765 /* ContentView.swift in Sources */,
				9B52A37C2D02D4EF00FD0765 /* WeatherData.swift in Sources */,
				9B52A34C2D02D2B000FD0765 /* WidgetDemoApp.swift in Sources */,
			);
			runOnlyForDeploymentPostprocessing = 0;
		};
		9B52A35C2D02D4A200FD0765 /* Sources */ = {
			isa = PBXSourcesBuildPhase;
			buildActionMask = 2147483647;
			files = (
				9B52A3682D02D4A200FD0765 /* WeatherWidgetBundle.swift in Sources */,
				9B52A37D2D02D4EF00FD0765 /* WeatherData.swift in Sources */,
				9B52A36E2D02D4A200FD0765 /* AppIntent.swift in Sources */,
				9B52A36A2D02D4A200FD0765 /* WeatherWidgetLiveActivity.swift in Sources */,
				9B52A36C2D02D4A200FD0765 /* WeatherWidget.swift in Sources */,
			);
			runOnlyForDeploymentPostprocessing = 0;
		};
/* End PBXSourcesBuildPhase section */

/* Begin PBXTargetDependency section */
		9B52A3732D02D4A300FD0765 /* PBXTargetDependency */ = {
			isa = PBXTargetDependency;
			target = 9B52A35F2D02D4A200FD0765 /* WeatherWidgetExtension */;
			targetProxy = 9B52A3722D02D4A300FD0765 /* PBXContainerItemProxy */;
		};
/* End PBXTargetDependency section */

/* Begin XCBuildConfiguration section */
		9B52A3552D02D2B100FD0765 /* Debug */ = {
			isa = XCBuildConfiguration;
			buildSettings = {
				ALWAYS_SEARCH_USER_PATHS = NO;
				ASSETCATALOG_COMPILER_GENERATE_SWIFT_ASSET_SYMBOL_EXTENSIONS = YES;
				CLANG_ANALYZER_NONNULL = YES;
				CLANG_ANALYZER_NUMBER_OBJECT_CONVERSION = YES_AGGRESSIVE;
				CLANG_CXX_LANGUAGE_STANDARD = "gnu++20";
				CLANG_ENABLE_MODULES = YES;
				CLANG_ENABLE_OBJC_ARC = YES;
				CLANG_ENABLE_OBJC_WEAK = YES;
				CLANG_WARN_BLOCK_CAPTURE_AUTORELEASING = YES;
				CLANG_WARN_BOOL_CONVERSION = YES;
				CLANG_WARN_COMMA = YES;
				CLANG_WARN_CONSTANT_CONVERSION = YES;
				CLANG_WARN_DEPRECATED_OBJC_IMPLEMENTATIONS = YES;
				CLANG_WARN_DIRECT_OBJC_ISA_USAGE = YES_ERROR;
				CLANG_WARN_DOCUMENTATION_COMMENTS = YES;
				CLANG_WARN_EMPTY_BODY = YES;
				CLANG_WARN_ENUM_CONVERSION = YES;
				CLANG_WARN_INFINITE_RECURSION = YES;
				CLANG_WARN_INT_CONVERSION = YES;
				CLANG_WARN_NON_LITERAL_NULL_CONVERSION = YES;
				CLANG_WARN_OBJC_IMPLICIT_RETAIN_SELF = YES;
				CLANG_WARN_OBJC_LITERAL_CONVERSION = YES;
				CLANG_WARN_OBJC_ROOT_CLASS = YES_ERROR;
				CLANG_WARN_QUOTED_INCLUDE_IN_FRAMEWORK_HEADER = YES;
				CLANG_WARN_RANGE_LOOP_ANALYSIS = YES;
				CLANG_WARN_STRICT_PROTOTYPES = YES;
				CLANG_WARN_SUSPICIOUS_MOVE = YES;
				CLANG_WARN_UNGUARDED_AVAILABILITY = YES_AGGRESSIVE;
				CLANG_WARN_UNREACHABLE_CODE = YES;
				CLANG_WARN__DUPLICATE_METHOD_MATCH = YES;
				COPY_PHASE_STRIP = NO;
				DEBUG_INFORMATION_FORMAT = dwarf;
				ENABLE_STRICT_OBJC_MSGSEND = YES;
				ENABLE_TESTABILITY = YES;
				ENABLE_USER_SCRIPT_SANDBOXING = YES;
				GCC_C_LANGUAGE_STANDARD = gnu17;
				GCC_DYNAMIC_NO_PIC = NO;
				GCC_NO_COMMON_BLOCKS = YES;
				GCC_OPTIMIZATION_LEVEL = 0;
				GCC_PREPROCESSOR_DEFINITIONS = (
					"DEBUG=1",
					"$(inherited)",
				);
				GCC_WARN_64_TO_32_BIT_CONVERSION = YES;
				GCC_WARN_ABOUT_RETURN_TYPE = YES_ERROR;
				GCC_WARN_UNDECLARED_SELECTOR = YES;
				GCC_WARN_UNINITIALIZED_AUTOS = YES_AGGRESSIVE;
				GCC_WARN_UNUSED_FUNCTION = YES;
				GCC_WARN_UNUSED_VARIABLE = YES;
				LOCALIZATION_PREFERS_STRING_CATALOGS = YES;
				MTL_ENABLE_DEBUG_INFO = INCLUDE_SOURCE;
				MTL_FAST_MATH = YES;
				ONLY_ACTIVE_ARCH = YES;
				SWIFT_ACTIVE_COMPILATION_CONDITIONS = "DEBUG $(inherited)";
				SWIFT_OPTIMIZATION_LEVEL = "-Onone";
			};
			name = Debug;
		};
		9B52A3562D02D2B100FD0765 /* Release */ = {
			isa = XCBuildConfiguration;
			buildSettings = {
				ALWAYS_SEARCH_USER_PATHS = NO;
				ASSETCATALOG_COMPILER_GENERATE_SWIFT_ASSET_SYMBOL_EXTENSIONS = YES;
				CLANG_ANALYZER_NONNULL = YES;
				CLANG_ANALYZER_NUMBER_OBJECT_CONVERSION = YES_AGGRESSIVE;
				CLANG_CXX_LANGUAGE_STANDARD = "gnu++20";
				CLANG_ENABLE_MODULES = YES;
				CLANG_ENABLE_OBJC_ARC = YES;
				CLANG_ENABLE_OBJC_WEAK = YES;
				CLANG_WARN_BLOCK_CAPTURE_AUTORELEASING = YES;
				CLANG_WARN_BOOL_CONVERSION = YES;
				CLANG_WARN_COMMA = YES;
				CLANG_WARN_CONSTANT_CONVERSION = YES;
				CLANG_WARN_DEPRECATED_OBJC_IMPLEMENTATIONS = YES;
				CLANG_WARN_DIRECT_OBJC_ISA_USAGE = YES_ERROR;
				CLANG_WARN_DOCUMENTATION_COMMENTS = YES;
				CLANG_WARN_EMPTY_BODY = YES;
				CLANG_WARN_ENUM_CONVERSION = YES;
				CLANG_WARN_INFINITE_RECURSION = YES;
				CLANG_WARN_INT_CONVERSION = YES;
				CLANG_WARN_NON_LITERAL_NULL_CONVERSION = YES;
				CLANG_WARN_OBJC_IMPLICIT_RETAIN_SELF = YES;
				CLANG_WARN_OBJC_LITERAL_CONVERSION = YES;
				CLANG_WARN_OBJC_ROOT_CLASS = YES_ERROR;
				CLANG_WARN_QUOTED_INCLUDE_IN_FRAMEWORK_HEADER = YES;
				CLANG_WARN_RANGE_LOOP_ANALYSIS = YES;
				CLANG_WARN_STRICT_PROTOTYPES = YES;
				CLANG_WARN_SUSPICIOUS_MOVE = YES;
				CLANG_WARN_UNGUARDED_AVAILABILITY = YES_AGGRESSIVE;
				CLANG_WARN_UNREACHABLE_CODE = YES;
				CLANG_WARN__DUPLICATE_METHOD_MATCH = YES;
				COPY_PHASE_STRIP = NO;
				DEBUG_INFORMATION_FORMAT = "dwarf-with-dsym";
				ENABLE_NS_ASSERTIONS = NO;
				ENABLE_STRICT_OBJC_MSGSEND = YES;
				ENABLE_USER_SCRIPT_SANDBOXING = YES;
				GCC_C_LANGUAGE_STANDARD = gnu17;
				GCC_NO_COMMON_BLOCKS = YES;
				GCC_WARN_64_TO_32_BIT_CONVERSION = YES;
				GCC_WARN_ABOUT_RETURN_TYPE = YES_ERROR;
				GCC_WARN_UNDECLARED_SELECTOR = YES;
				GCC_WARN_UNINITIALIZED_AUTOS = YES_AGGRESSIVE;
				GCC_WARN_UNUSED_FUNCTION = YES;
				GCC_WARN_UNUSED_VARIABLE = YES;
				LOCALIZATION_PREFERS_STRING_CATALOGS = YES;
				MTL_ENABLE_DEBUG_INFO = NO;
				MTL_FAST_MATH = YES;
				SWIFT_COMPILATION_MODE = wholemodule;
			};
			name = Release;
		};
		9B52A3582D02D2B100FD0765 /* Debug */ = {
			isa = XCBuildConfiguration;
			buildSettings = {
				ALWAYS_EMBED_SWIFT_STANDARD_LIBRARIES = YES;
				ASSETCATALOG_COMPILER_APPICON_NAME = AppIcon;
				ASSETCATALOG_COMPILER_GLOBAL_ACCENT_COLOR_NAME = AccentColor;
				CODE_SIGN_ENTITLEMENTS = WidgetDemo/WidgetDemo.entitlements;
				CODE_SIGN_STYLE = Automatic;
				CURRENT_PROJECT_VERSION = 1;
				DEVELOPMENT_ASSET_PATHS = "\"WidgetDemo/Preview Content\"";
				DEVELOPMENT_TEAM = SK3PGR7QTM;
				ENABLE_HARDENED_RUNTIME = YES;
				ENABLE_PREVIEWS = YES;
				GENERATE_INFOPLIST_FILE = YES;
				"INFOPLIST_KEY_UIApplicationSceneManifest_Generation[sdk=iphoneos*]" = YES;
				"INFOPLIST_KEY_UIApplicationSceneManifest_Generation[sdk=iphonesimulator*]" = YES;
				"INFOPLIST_KEY_UIApplicationSupportsIndirectInputEvents[sdk=iphoneos*]" = YES;
				"INFOPLIST_KEY_UIApplicationSupportsIndirectInputEvents[sdk=iphonesimulator*]" = YES;
				"INFOPLIST_KEY_UILaunchScreen_Generation[sdk=iphoneos*]" = YES;
				"INFOPLIST_KEY_UILaunchScreen_Generation[sdk=iphonesimulator*]" = YES;
				"INFOPLIST_KEY_UIStatusBarStyle[sdk=iphoneos*]" = UIStatusBarStyleDefault;
				"INFOPLIST_KEY_UIStatusBarStyle[sdk=iphonesimulator*]" = UIStatusBarStyleDefault;
				INFOPLIST_KEY_UISupportedInterfaceOrientations_iPad = "UIInterfaceOrientationPortrait UIInterfaceOrientationPortraitUpsideDown UIInterfaceOrientationLandscapeLeft UIInterfaceOrientationLandscapeRight";
				INFOPLIST_KEY_UISupportedInterfaceOrientations_iPhone = "UIInterfaceOrientationPortrait UIInterfaceOrientationLandscapeLeft UIInterfaceOrientationLandscapeRight";
				IPHONEOS_DEPLOYMENT_TARGET = 17.2;
				LD_RUNPATH_SEARCH_PATHS = "@executable_path/Frameworks";
				"LD_RUNPATH_SEARCH_PATHS[sdk=macosx*]" = "@executable_path/../Frameworks";
				MACOSX_DEPLOYMENT_TARGET = 14.2;
				MARKETING_VERSION = 1.0;
				PRODUCT_BUNDLE_IDENTIFIER = dy.WidgetDemo;
				PRODUCT_NAME = "$(TARGET_NAME)";
				SDKROOT = auto;
				SUPPORTED_PLATFORMS = "iphoneos iphonesimulator macosx";
				SWIFT_EMIT_LOC_STRINGS = YES;
				SWIFT_VERSION = 5.0;
				TARGETED_DEVICE_FAMILY = "1,2";
			};
			name = Debug;
		};
		9B52A3592D02D2B100FD0765 /* Release */ = {
			isa = XCBuildConfiguration;
			buildSettings = {
				ALWAYS_EMBED_SWIFT_STANDARD_LIBRARIES = YES;
				ASSETCATALOG_COMPILER_APPICON_NAME = AppIcon;
				ASSETCATALOG_COMPILER_GLOBAL_ACCENT_COLOR_NAME = AccentColor;
				CODE_SIGN_ENTITLEMENTS = WidgetDemo/WidgetDemo.entitlements;
				CODE_SIGN_STYLE = Automatic;
				CURRENT_PROJECT_VERSION = 1;
				DEVELOPMENT_ASSET_PATHS = "\"WidgetDemo/Preview Content\"";
				DEVELOPMENT_TEAM = SK3PGR7QTM;
				ENABLE_HARDENED_RUNTIME = YES;
				ENABLE_PREVIEWS = YES;
				GENERATE_INFOPLIST_FILE = YES;
				"INFOPLIST_KEY_UIApplicationSceneManifest_Generation[sdk=iphoneos*]" = YES;
				"INFOPLIST_KEY_UIApplicationSceneManifest_Generation[sdk=iphonesimulator*]" = YES;
				"INFOPLIST_KEY_UIApplicationSupportsIndirectInputEvents[sdk=iphoneos*]" = YES;
				"INFOPLIST_KEY_UIApplicationSupportsIndirectInputEvents[sdk=iphonesimulator*]" = YES;
				"INFOPLIST_KEY_UILaunchScreen_Generation[sdk=iphoneos*]" = YES;
				"INFOPLIST_KEY_UILaunchScreen_Generation[sdk=iphonesimulator*]" = YES;
				"INFOPLIST_KEY_UIStatusBarStyle[sdk=iphoneos*]" = UIStatusBarStyleDefault;
				"INFOPLIST_KEY_UIStatusBarStyle[sdk=iphonesimulator*]" = UIStatusBarStyleDefault;
				INFOPLIST_KEY_UISupportedInterfaceOrientations_iPad = "UIInterfaceOrientationPortrait UIInterfaceOrientationPortraitUpsideDown UIInterfaceOrientationLandscapeLeft UIInterfaceOrientationLandscapeRight";
				INFOPLIST_KEY_UISupportedInterfaceOrientations_iPhone = "UIInterfaceOrientationPortrait UIInterfaceOrientationLandscapeLeft UIInterfaceOrientationLandscapeRight";
				IPHONEOS_DEPLOYMENT_TARGET = 17.2;
				LD_RUNPATH_SEARCH_PATHS = "@executable_path/Frameworks";
				"LD_RUNPATH_SEARCH_PATHS[sdk=macosx*]" = "@executable_path/../Frameworks";
				MACOSX_DEPLOYMENT_TARGET = 14.2;
				MARKETING_VERSION = 1.0;
				PRODUCT_BUNDLE_IDENTIFIER = dy.WidgetDemo;
				PRODUCT_NAME = "$(TARGET_NAME)";
				SDKROOT = auto;
				SUPPORTED_PLATFORMS = "iphoneos iphonesimulator macosx";
				SWIFT_EMIT_LOC_STRINGS = YES;
				SWIFT_VERSION = 5.0;
				TARGETED_DEVICE_FAMILY = "1,2";
			};
			name = Release;
		};
		9B52A3762D02D4A400FD0765 /* Debug */ = {
			isa = XCBuildConfiguration;
			buildSettings = {
				ASSETCATALOG_COMPILER_GLOBAL_ACCENT_COLOR_NAME = AccentColor;
				ASSETCATALOG_COMPILER_WIDGET_BACKGROUND_COLOR_NAME = WidgetBackground;
				CODE_SIGN_STYLE = Automatic;
				CURRENT_PROJECT_VERSION = 1;
				DEVELOPMENT_TEAM = SK3PGR7QTM;
				GENERATE_INFOPLIST_FILE = YES;
				INFOPLIST_FILE = WeatherWidget/Info.plist;
				INFOPLIST_KEY_CFBundleDisplayName = WeatherWidget;
				INFOPLIST_KEY_NSHumanReadableCopyright = "";
				IPHONEOS_DEPLOYMENT_TARGET = 17.2;
				LD_RUNPATH_SEARCH_PATHS = (
					"$(inherited)",
					"@executable_path/Frameworks",
					"@executable_path/../../Frameworks",
				);
				MARKETING_VERSION = 1.0;
				PRODUCT_BUNDLE_IDENTIFIER = dy.WidgetDemo.WeatherWidget;
				PRODUCT_NAME = "$(TARGET_NAME)";
				SDKROOT = iphoneos;
				SKIP_INSTALL = YES;
				SWIFT_EMIT_LOC_STRINGS = YES;
				SWIFT_VERSION = 5.0;
				TARGETED_DEVICE_FAMILY = "1,2";
			};
			name = Debug;
		};
		9B52A3772D02D4A400FD0765 /* Release */ = {
			isa = XCBuildConfiguration;
			buildSettings = {
				ASSETCATALOG_COMPILER_GLOBAL_ACCENT_COLOR_NAME = AccentColor;
				ASSETCATALOG_COMPILER_WIDGET_BACKGROUND_COLOR_NAME = WidgetBackground;
				CODE_SIGN_STYLE = Automatic;
				CURRENT_PROJECT_VERSION = 1;
				DEVELOPMENT_TEAM = SK3PGR7QTM;
				GENERATE_INFOPLIST_FILE = YES;
				INFOPLIST_FILE = WeatherWidget/Info.plist;
				INFOPLIST_KEY_CFBundleDisplayName = WeatherWidget;
				INFOPLIST_KEY_NSHumanReadableCopyright = "";
				IPHONEOS_DEPLOYMENT_TARGET = 17.2;
				LD_RUNPATH_SEARCH_PATHS = (
					"$(inherited)",
					"@executable_path/Frameworks",
					"@executable_path/../../Frameworks",
				);
				MARKETING_VERSION = 1.0;
				PRODUCT_BUNDLE_IDENTIFIER = dy.WidgetDemo.WeatherWidget;
				PRODUCT_NAME = "$(TARGET_NAME)";
				SDKROOT = iphoneos;
				SKIP_INSTALL = YES;
				SWIFT_EMIT_LOC_STRINGS = YES;
				SWIFT_VERSION = 5.0;
				TARGETED_DEVICE_FAMILY = "1,2";
				VALIDATE_PRODUCT = YES;
			};
			name = Release;
		};
/* End XCBuildConfiguration section */

/* Begin XCConfigurationList section */
		9B52A3432D02D2B000FD0765 /* Build configuration list for PBXProject "WidgetDemo" */ = {
			isa = XCConfigurationList;
			buildConfigurations = (
				9B52A3552D02D2B100FD0765 /* Debug */,
				9B52A3562D02D2B100FD0765 /* Release */,
			);
			defaultConfigurationIsVisible = 0;
			defaultConfigurationName = Release;
		};
		9B52A3572D02D2B100FD0765 /* Build configuration list for PBXNativeTarget "WidgetDemo" */ = {
			isa = XCConfigurationList;
			buildConfigurations = (
				9B52A3582D02D2B100FD0765 /* Debug */,
				9B52A3592D02D2B100FD0765 /* Release */,
			);
			defaultConfigurationIsVisible = 0;
			defaultConfigurationName = Release;
		};
		9B52A3752D02D4A400FD0765 /* Build configuration list for PBXNativeTarget "WeatherWidgetExtension" */ = {
			isa = XCConfigurationList;
			buildConfigurations = (
				9B52A3762D02D4A400FD0765 /* Debug */,
				9B52A3772D02D4A400FD0765 /* Release */,
			);
			defaultConfigurationIsVisible = 0;
			defaultConfigurationName = Release;
		};
/* End XCConfigurationList section */
	};
	rootObject = 9B52A3402D02D2B000FD0765 /* Project object */;
}
